
Microsoft Visual Studio Solution File, Format Version 12.00
# Visual Studio 15
VisualStudioVersion = 15.0.28307.1684
MinimumVisualStudioVersion = 10.0.40219.1
Project("{9A19103F-16F7-4668-BE54-9A1E7A4F7556}") = "GroceryList", "GroceryList.csproj", "{300E62F7-EB56-4DE4-8600-FD902C71AB77}"
EndProject
Global
	GlobalSection(SolutionConfigurationPlatforms) = preSolution
		Debug|Any CPU = Debug|Any CPU
		Release|Any CPU = Release|Any CPU
	EndGlobalSection
	GlobalSection(ProjectConfigurationPlatforms) = postSolution
		{300E62F7-EB56-4DE4-8600-FD902C71AB77}.Debug|Any CPU.ActiveCfg = Debug|Any CPU
		{300E62F7-EB56-4DE4-8600-FD902C71AB77}.Debug|Any CPU.Build.0 = Debug|Any CPU
		{300E62F7-EB56-4DE4-8600-FD902C71AB77}.Release|Any CPU.ActiveCfg = Release|Any CPU
		{300E62F7-EB56-4DE4-8600-FD902C71AB77}.Release|Any CPU.Build.0 = Release|Any CPU
	EndGlobalSection
	GlobalSection(SolutionProperties) = preSolution
		HideSolutionNode = FALSE
	EndGlobalSection
	GlobalSection(ExtensibilityGlobals) = postSolution
		SolutionGuid = {AF39D4C3-C03A-4CB0-93A3-330B011074FC}
	EndGlobalSection
EndGlobal
